
Microsoft Visual Studio Solution File, Format Version 12.00
# Visual Studio Version 16
VisualStudioVersion = 16.0.30114.105
MinimumVisualStudioVersion = 10.0.40219.1
Project("{FAE04EC0-301F-11D3-BF4B-00C04F79EFBC}") = "publisher", "publisher\publisher.csproj", "{8439C2E5-39EF-4195-B119-7AF11F17AB1A}"
EndProject
Project("{FAE04EC0-301F-11D3-BF4B-00C04F79EFBC}") = "subscriber", "subscriber\subscriber.csproj", "{AE7A11C6-C169-4C9E-9F7C-48AFFED7CCC7}"
EndProject
Global
	GlobalSection(SolutionConfigurationPlatforms) = preSolution
		Debug|Any CPU = Debug|Any CPU
		Debug|x64 = Debug|x64
		Debug|x86 = Debug|x86
		Release|Any CPU = Release|Any CPU
		Release|x64 = Release|x64
		Release|x86 = Release|x86
	EndGlobalSection
	GlobalSection(SolutionProperties) = preSolution
		HideSolutionNode = FALSE
	EndGlobalSection
	GlobalSection(ProjectConfigurationPlatforms) = postSolution
		{8439C2E5-39EF-4195-B119-7AF11F17AB1A}.Debug|Any CPU.ActiveCfg = Debug|Any CPU
		{8439C2E5-39EF-4195-B119-7AF11F17AB1A}.Debug|Any CPU.Build.0 = Debug|Any CPU
		{8439C2E5-39EF-4195-B119-7AF11F17AB1A}.Debug|x64.ActiveCfg = Debug|Any CPU
		{8439C2E5-39EF-4195-B119-7AF11F17AB1A}.Debug|x64.Build.0 = Debug|Any CPU
		{8439C2E5-39EF-4195-B119-7AF11F17AB1A}.Debug|x86.ActiveCfg = Debug|Any CPU
		{8439C2E5-39EF-4195-B119-7AF11F17AB1A}.Debug|x86.Build.0 = Debug|Any CPU
		{8439C2E5-39EF-4195-B119-7AF11F17AB1A}.Release|Any CPU.ActiveCfg = Release|Any CPU
		{8439C2E5-39EF-4195-B119-7AF11F17AB1A}.Release|Any CPU.Build.0 = Release|Any CPU
		{8439C2E5-39EF-4195-B119-7AF11F17AB1A}.Release|x64.ActiveCfg = Release|Any CPU
		{8439C2E5-39EF-4195-B119-7AF11F17AB1A}.Release|x64.Build.0 = Release|Any CPU
		{8439C2E5-39EF-4195-B119-7AF11F17AB1A}.Release|x86.ActiveCfg = Release|Any CPU
		{8439C2E5-39EF-4195-B119-7AF11F17AB1A}.Release|x86.Build.0 = Release|Any CPU
		{AE7A11C6-C169-4C9E-9F7C-48AFFED7CCC7}.Debug|Any CPU.ActiveCfg = Debug|Any CPU
		{AE7A11C6-C169-4C9E-9F7C-48AFFED7CCC7}.Debug|Any CPU.Build.0 = Debug|Any CPU
		{AE7A11C6-C169-4C9E-9F7C-48AFFED7CCC7}.Debug|x64.ActiveCfg = Debug|Any CPU
		{AE7A11C6-C169-4C9E-9F7C-48AFFED7CCC7}.Debug|x64.Build.0 = Debug|Any CPU
		{AE7A11C6-C169-4C9E-9F7C-48AFFED7CCC7}.Debug|x86.ActiveCfg = Debug|Any CPU
		{AE7A11C6-C169-4C9E-9F7C-48AFFED7CCC7}.Debug|x86.Build.0 = Debug|Any CPU
		{AE7A11C6-C169-4C9E-9F7C-48AFFED7CCC7}.Release|Any CPU.ActiveCfg = Release|Any CPU
		{AE7A11C6-C169-4C9E-9F7C-48AFFED7CCC7}.Release|Any CPU.Build.0 = Release|Any CPU
		{AE7A11C6-C169-4C9E-9F7C-48AFFED7CCC7}.Release|x64.ActiveCfg = Release|Any CPU
		{AE7A11C6-C169-4C9E-9F7C-48AFFED7CCC7}.Release|x64.Build.0 = Release|Any CPU
		{AE7A11C6-C169-4C9E-9F7C-48AFFED7CCC7}.Release|x86.ActiveCfg = Release|Any CPU
		{AE7A11C6-C169-4C9E-9F7C-48AFFED7CCC7}.Release|x86.Build.0 = Release|Any CPU
	EndGlobalSection
EndGlobal
